
Microsoft Visual Studio Solution File, Format Version 12.00
# Visual Studio Version 17
VisualStudioVersion = 17.0.32014.148
MinimumVisualStudioVersion = 10.0.40219.1
Project("{FAE04EC0-301F-11D3-BF4B-00C04F79EFBC}") = "ATI.Services.Serialization", "ATI.Services.Serialization\ATI.Services.Serialization.csproj", "{D29325C4-237C-478B-964D-C631EC29D1E4}"
EndProject
Global
	GlobalSection(SolutionConfigurationPlatforms) = preSolution
		Debug|Any CPU = Debug|Any CPU
		Release|Any CPU = Release|Any CPU
	EndGlobalSection
	GlobalSection(ProjectConfigurationPlatforms) = postSolution
		{D29325C4-237C-478B-964D-C631EC29D1E4}.Debug|Any CPU.ActiveCfg = Debug|Any CPU
		{D29325C4-237C-478B-964D-C631EC29D1E4}.Debug|Any CPU.Build.0 = Debug|Any CPU
		{D29325C4-237C-478B-964D-C631EC29D1E4}.Release|Any CPU.ActiveCfg = Release|Any CPU
		{D29325C4-237C-478B-964D-C631EC29D1E4}.Release|Any CPU.Build.0 = Release|Any CPU
	EndGlobalSection
	GlobalSection(SolutionProperties) = preSolution
		HideSolutionNode = FALSE
	EndGlobalSection
	GlobalSection(ExtensibilityGlobals) = postSolution
		SolutionGuid = {AFFD2C35-33DE-4553-9040-AED33A4F622B}
	EndGlobalSection
EndGlobal
